
Microsoft Visual Studio Solution File, Format Version 12.00
Project("{FAE04EC0-301F-11D3-BF4B-00C04F79EFBC}") = "VerificationLambda", "src\VerificationLambda\VerificationLambda.csproj", "{1C90F7F0-DCAD-42FB-9FB9-DE5BFBDEA519}"
EndProject
Project("{FAE04EC0-301F-11D3-BF4B-00C04F79EFBC}") = "AccountLambda", "src\AccountLambda\AccountLambda.csproj", "{583EFB99-BE54-4009-B70B-A07C4E135E4A}"
EndProject
Project("{FAE04EC0-301F-11D3-BF4B-00C04F79EFBC}") = "EconomyLambda", "src\EconomyLambda\EconomyLambda.csproj", "{C3A746B5-6ED0-4594-A4E8-128B03A49FF7}"
EndProject
Project("{FAE04EC0-301F-11D3-BF4B-00C04F79EFBC}") = "GameLambda", "src\GameLambda\GameLambda.csproj", "{B3A0EC14-B324-4D43-BC71-381B24FA1CC1}"
EndProject
Global
	GlobalSection(SolutionConfigurationPlatforms) = preSolution
		Debug|Any CPU = Debug|Any CPU
		Release|Any CPU = Release|Any CPU
	EndGlobalSection
	GlobalSection(ProjectConfigurationPlatforms) = postSolution
		{1C90F7F0-DCAD-42FB-9FB9-DE5BFBDEA519}.Debug|Any CPU.ActiveCfg = Debug|Any CPU
		{1C90F7F0-DCAD-42FB-9FB9-DE5BFBDEA519}.Debug|Any CPU.Build.0 = Debug|Any CPU
		{1C90F7F0-DCAD-42FB-9FB9-DE5BFBDEA519}.Release|Any CPU.ActiveCfg = Release|Any CPU
		{1C90F7F0-DCAD-42FB-9FB9-DE5BFBDEA519}.Release|Any CPU.Build.0 = Release|Any CPU
		{583EFB99-BE54-4009-B70B-A07C4E135E4A}.Debug|Any CPU.ActiveCfg = Debug|Any CPU
		{583EFB99-BE54-4009-B70B-A07C4E135E4A}.Debug|Any CPU.Build.0 = Debug|Any CPU
		{583EFB99-BE54-4009-B70B-A07C4E135E4A}.Release|Any CPU.ActiveCfg = Release|Any CPU
		{583EFB99-BE54-4009-B70B-A07C4E135E4A}.Release|Any CPU.Build.0 = Release|Any CPU
		{C3A746B5-6ED0-4594-A4E8-128B03A49FF7}.Debug|Any CPU.ActiveCfg = Debug|Any CPU
		{C3A746B5-6ED0-4594-A4E8-128B03A49FF7}.Debug|Any CPU.Build.0 = Debug|Any CPU
		{C3A746B5-6ED0-4594-A4E8-128B03A49FF7}.Release|Any CPU.ActiveCfg = Release|Any CPU
		{C3A746B5-6ED0-4594-A4E8-128B03A49FF7}.Release|Any CPU.Build.0 = Release|Any CPU
		{B3A0EC14-B324-4D43-BC71-381B24FA1CC1}.Debug|Any CPU.ActiveCfg = Debug|Any CPU
		{B3A0EC14-B324-4D43-BC71-381B24FA1CC1}.Debug|Any CPU.Build.0 = Debug|Any CPU
		{B3A0EC14-B324-4D43-BC71-381B24FA1CC1}.Release|Any CPU.ActiveCfg = Release|Any CPU
		{B3A0EC14-B324-4D43-BC71-381B24FA1CC1}.Release|Any CPU.Build.0 = Release|Any CPU
	EndGlobalSection
EndGlobal
